// !$*UTF8*$!
{
	archiveVersion = 1;
	classes = {
	};
	objectVersion = 48;
	objects = {

/* Begin PBXBuildFile section */
		DB09BB90204B0B86005E5437 /* AppDelegate.swift in Sources */ = {isa = PBXBuildFile; fileRef = DB09BB8F204B0B86005E5437 /* AppDelegate.swift */; };
		DB09BB95204B0B86005E5437 /* Main.storyboard in Resources */ = {isa = PBXBuildFile; fileRef = DB09BB93204B0B86005E5437 /* Main.storyboard */; };
		DB09BB97204B0B86005E5437 /* Assets.xcassets in Resources */ = {isa = PBXBuildFile; fileRef = DB09BB96204B0B86005E5437 /* Assets.xcassets */; };
		DB09BB9A204B0B86005E5437 /* LaunchScreen.storyboard in Resources */ = {isa = PBXBuildFile; fileRef = DB09BB98204B0B86005E5437 /* LaunchScreen.storyboard */; };
		DB09BBA5204B0EA6005E5437 /* SWRevealViewController.m in Sources */ = {isa = PBXBuildFile; fileRef = DB09BBA4204B0EA6005E5437 /* SWRevealViewController.m */; };
		DB09BBB6204B1BF7005E5437 /* MenuVC.swift in Sources */ = {isa = PBXBuildFile; fileRef = DB09BBB5204B1BF7005E5437 /* MenuVC.swift */; };
		DB09BBB8204B1E7E005E5437 /* MainVC.swift in Sources */ = {isa = PBXBuildFile; fileRef = DB09BBB7204B1E7E005E5437 /* MainVC.swift */; };
		DB09BBBA204B30FE005E5437 /* Section.swift in Sources */ = {isa = PBXBuildFile; fileRef = DB09BBB9204B30FE005E5437 /* Section.swift */; };
		DB09BBBC204B3252005E5437 /* expandableHeaderView.swift in Sources */ = {isa = PBXBuildFile; fileRef = DB09BBBB204B3252005E5437 /* expandableHeaderView.swift */; };
		DB09BBBE204B38C0005E5437 /* MonitorVC.swift in Sources */ = {isa = PBXBuildFile; fileRef = DB09BBBD204B38C0005E5437 /* MonitorVC.swift */; };
		DB09BBC0204B38D0005E5437 /* ControlVC.swift in Sources */ = {isa = PBXBuildFile; fileRef = DB09BBBF204B38D0005E5437 /* ControlVC.swift */; };
		DB09BBC2204B38E2005E5437 /* ShopVC.swift in Sources */ = {isa = PBXBuildFile; fileRef = DB09BBC1204B38E2005E5437 /* ShopVC.swift */; };
		DB09BBC4204B4F52005E5437 /* UIViewShadow.swift in Sources */ = {isa = PBXBuildFile; fileRef = DB09BBC3204B4F52005E5437 /* UIViewShadow.swift */; };
		DB09BBC6204B5213005E5437 /* UILabelShadow.swift in Sources */ = {isa = PBXBuildFile; fileRef = DB09BBC5204B5213005E5437 /* UILabelShadow.swift */; };
		DB09BBC8204B5259005E5437 /* UIButtonShadow.swift in Sources */ = {isa = PBXBuildFile; fileRef = DB09BBC7204B5259005E5437 /* UIButtonShadow.swift */; };
/* End PBXBuildFile section */

/* Begin PBXFileReference section */
		DB09BB8C204B0B86005E5437 /* Ponix.app */ = {isa = PBXFileReference; explicitFileType = wrapper.application; includeInIndex = 0; path = Ponix.app; sourceTree = BUILT_PRODUCTS_DIR; };
		DB09BB8F204B0B86005E5437 /* AppDelegate.swift */ = {isa = PBXFileReference; lastKnownFileType = sourcecode.swift; path = AppDelegate.swift; sourceTree = "<group>"; };
		DB09BB94204B0B86005E5437 /* Base */ = {isa = PBXFileReference; lastKnownFileType = file.storyboard; name = Base; path = Base.lproj/Main.storyboard; sourceTree = "<group>"; };
		DB09BB96204B0B86005E5437 /* Assets.xcassets */ = {isa = PBXFileReference; lastKnownFileType = folder.assetcatalog; path = Assets.xcassets; sourceTree = "<group>"; };
		DB09BB99204B0B86005E5437 /* Base */ = {isa = PBXFileReference; lastKnownFileType = file.storyboard; name = Base; path = Base.lproj/LaunchScreen.storyboard; sourceTree = "<group>"; };
		DB09BB9B204B0B87005E5437 /* Info.plist */ = {isa = PBXFileReference; lastKnownFileType = text.plist.xml; path = Info.plist; sourceTree = "<group>"; };
		DB09BBA2204B0EA6005E5437 /* Ponix-Bridging-Header.h */ = {isa = PBXFileReference; lastKnownFileType = sourcecode.c.h; path = "Ponix-Bridging-Header.h"; sourceTree = "<group>"; };
		DB09BBA3204B0EA6005E5437 /* SWRevealViewController.h */ = {isa = PBXFileReference; fileEncoding = 4; lastKnownFileType = sourcecode.c.h; path = SWRevealViewController.h; sourceTree = "<group>"; };
		DB09BBA4204B0EA6005E5437 /* SWRevealViewController.m */ = {isa = PBXFileReference; fileEncoding = 4; lastKnownFileType = sourcecode.c.objc; path = SWRevealViewController.m; sourceTree = "<group>"; };
		DB09BBB5204B1BF7005E5437 /* MenuVC.swift */ = {isa = PBXFileReference; lastKnownFileType = sourcecode.swift; path = MenuVC.swift; sourceTree = "<group>"; };
		DB09BBB7204B1E7E005E5437 /* MainVC.swift */ = {isa = PBXFileReference; lastKnownFileType = sourcecode.swift; path = MainVC.swift; sourceTree = "<group>"; };
		DB09BBB9204B30FE005E5437 /* Section.swift */ = {isa = PBXFileReference; lastKnownFileType = sourcecode.swift; path = Section.swift; sourceTree = "<group>"; };
		DB09BBBB204B3252005E5437 /* expandableHeaderView.swift */ = {isa = PBXFileReference; lastKnownFileType = sourcecode.swift; path = expandableHeaderView.swift; sourceTree = "<group>"; };
		DB09BBBD204B38C0005E5437 /* MonitorVC.swift */ = {isa = PBXFileReference; lastKnownFileType = sourcecode.swift; path = MonitorVC.swift; sourceTree = "<group>"; };
		DB09BBBF204B38D0005E5437 /* ControlVC.swift */ = {isa = PBXFileReference; lastKnownFileType = sourcecode.swift; path = ControlVC.swift; sourceTree = "<group>"; };
		DB09BBC1204B38E2005E5437 /* ShopVC.swift */ = {isa = PBXFileReference; lastKnownFileType = sourcecode.swift; path = ShopVC.swift; sourceTree = "<group>"; };
		DB09BBC3204B4F52005E5437 /* UIViewShadow.swift */ = {isa = PBXFileReference; lastKnownFileType = sourcecode.swift; path = UIViewShadow.swift; sourceTree = "<group>"; };
		DB09BBC5204B5213005E5437 /* UILabelShadow.swift */ = {isa = PBXFileReference; lastKnownFileType = sourcecode.swift; path = UILabelShadow.swift; sourceTree = "<group>"; };
		DB09BBC7204B5259005E5437 /* UIButtonShadow.swift */ = {isa = PBXFileReference; lastKnownFileType = sourcecode.swift; path = UIButtonShadow.swift; sourceTree = "<group>"; };
/* End PBXFileReference section */

/* Begin PBXFrameworksBuildPhase section */
		DB09BB89204B0B86005E5437 /* Frameworks */ = {
			isa = PBXFrameworksBuildPhase;
			buildActionMask = 2147483647;
			files = (
			);
			runOnlyForDeploymentPostprocessing = 0;
		};
/* End PBXFrameworksBuildPhase section */

/* Begin PBXGroup section */
		DB09BB83204B0B86005E5437 = {
			isa = PBXGroup;
			children = (
				DB09BB8E204B0B86005E5437 /* Ponix */,
				DB09BB8D204B0B86005E5437 /* Products */,
			);
			sourceTree = "<group>";
		};
		DB09BB8D204B0B86005E5437 /* Products */ = {
			isa = PBXGroup;
			children = (
				DB09BB8C204B0B86005E5437 /* Ponix.app */,
			);
			name = Products;
			sourceTree = "<group>";
		};
		DB09BB8E204B0B86005E5437 /* Ponix */ = {
			isa = PBXGroup;
			children = (
				DB09BBB4204B1281005E5437 /* Model */,
				DB09BBB3204B1274005E5437 /* View */,
				DB09BBB2204B126C005E5437 /* Controller */,
				DB09BBA1204B0E4F005E5437 /* Supporting Files */,
				DB09BB8F204B0B86005E5437 /* AppDelegate.swift */,
				DB09BB93204B0B86005E5437 /* Main.storyboard */,
				DB09BB96204B0B86005E5437 /* Assets.xcassets */,
				DB09BB98204B0B86005E5437 /* LaunchScreen.storyboard */,
				DB09BB9B204B0B87005E5437 /* Info.plist */,
			);
			path = Ponix;
			sourceTree = "<group>";
		};
		DB09BBA1204B0E4F005E5437 /* Supporting Files */ = {
			isa = PBXGroup;
			children = (
				DB09BBA3204B0EA6005E5437 /* SWRevealViewController.h */,
				DB09BBA4204B0EA6005E5437 /* SWRevealViewController.m */,
				DB09BBA2204B0EA6005E5437 /* Ponix-Bridging-Header.h */,
			);
			path = "Supporting Files";
			sourceTree = "<group>";
		};
		DB09BBB2204B126C005E5437 /* Controller */ = {
			isa = PBXGroup;
			children = (
				DB09BBB5204B1BF7005E5437 /* MenuVC.swift */,
				DB09BBB7204B1E7E005E5437 /* MainVC.swift */,
				DB09BBBD204B38C0005E5437 /* MonitorVC.swift */,
				DB09BBBF204B38D0005E5437 /* ControlVC.swift */,
				DB09BBC1204B38E2005E5437 /* ShopVC.swift */,
			);
			path = Controller;
			sourceTree = "<group>";
		};
		DB09BBB3204B1274005E5437 /* View */ = {
			isa = PBXGroup;
			children = (
				DB09BBC3204B4F52005E5437 /* UIViewShadow.swift */,
				DB09BBC5204B5213005E5437 /* UILabelShadow.swift */,
				DB09BBC7204B5259005E5437 /* UIButtonShadow.swift */,
			);
			path = View;
			sourceTree = "<group>";
		};
		DB09BBB4204B1281005E5437 /* Model */ = {
			isa = PBXGroup;
			children = (
				DB09BBB9204B30FE005E5437 /* Section.swift */,
				DB09BBBB204B3252005E5437 /* expandableHeaderView.swift */,
			);
			path = Model;
			sourceTree = "<group>";
		};
/* End PBXGroup section */

/* Begin PBXNativeTarget section */
		DB09BB8B204B0B86005E5437 /* Ponix */ = {
			isa = PBXNativeTarget;
			buildConfigurationList = DB09BB9E204B0B87005E5437 /* Build configuration list for PBXNativeTarget "Ponix" */;
			buildPhases = (
				DB09BB88204B0B86005E5437 /* Sources */,
				DB09BB89204B0B86005E5437 /* Frameworks */,
				DB09BB8A204B0B86005E5437 /* Resources */,
			);
			buildRules = (
			);
			dependencies = (
			);
			name = Ponix;
			productName = Ponix;
			productReference = DB09BB8C204B0B86005E5437 /* Ponix.app */;
			productType = "com.apple.product-type.application";
		};
/* End PBXNativeTarget section */

/* Begin PBXProject section */
		DB09BB84204B0B86005E5437 /* Project object */ = {
			isa = PBXProject;
			attributes = {
				LastSwiftUpdateCheck = 0920;
				LastUpgradeCheck = 0920;
				ORGANIZATIONNAME = "Andrew Smith";
				TargetAttributes = {
					DB09BB8B204B0B86005E5437 = {
						CreatedOnToolsVersion = 9.2;
						LastSwiftMigration = 0920;
						ProvisioningStyle = Automatic;
					};
				};
			};
			buildConfigurationList = DB09BB87204B0B86005E5437 /* Build configuration list for PBXProject "Ponix" */;
			compatibilityVersion = "Xcode 8.0";
			developmentRegion = en;
			hasScannedForEncodings = 0;
			knownRegions = (
				en,
				Base,
			);
			mainGroup = DB09BB83204B0B86005E5437;
			productRefGroup = DB09BB8D204B0B86005E5437 /* Products */;
			projectDirPath = "";
			projectRoot = "";
			targets = (
				DB09BB8B204B0B86005E5437 /* Ponix */,
			);
		};
/* End PBXProject section */

/* Begin PBXResourcesBuildPhase section */
		DB09BB8A204B0B86005E5437 /* Resources */ = {
			isa = PBXResourcesBuildPhase;
			buildActionMask = 2147483647;
			files = (
				DB09BB9A204B0B86005E5437 /* LaunchScreen.storyboard in Resources */,
				DB09BB97204B0B86005E5437 /* Assets.xcassets in Resources */,
				DB09BB95204B0B86005E5437 /* Main.storyboard in Resources */,
			);
			runOnlyForDeploymentPostprocessing = 0;
		};
/* End PBXResourcesBuildPhase section */

/* Begin PBXSourcesBuildPhase section */
		DB09BB88204B0B86005E5437 /* Sources */ = {
			isa = PBXSourcesBuildPhase;
			buildActionMask = 2147483647;
			files = (
				DB09BB90204B0B86005E5437 /* AppDelegate.swift in Sources */,
				DB09BBA5204B0EA6005E5437 /* SWRevealViewController.m in Sources */,
				DB09BBBC204B3252005E5437 /* expandableHeaderView.swift in Sources */,
				DB09BBBE204B38C0005E5437 /* MonitorVC.swift in Sources */,
				DB09BBC2204B38E2005E5437 /* ShopVC.swift in Sources */,
				DB09BBC0204B38D0005E5437 /* ControlVC.swift in Sources */,
				DB09BBC6204B5213005E5437 /* UILabelShadow.swift in Sources */,
				DB09BBC4204B4F52005E5437 /* UIViewShadow.swift in Sources */,
				DB09BBBA204B30FE005E5437 /* Section.swift in Sources */,
				DB09BBB6204B1BF7005E5437 /* MenuVC.swift in Sources */,
				DB09BBB8204B1E7E005E5437 /* MainVC.swift in Sources */,
				DB09BBC8204B5259005E5437 /* UIButtonShadow.swift in Sources */,
			);
			runOnlyForDeploymentPostprocessing = 0;
		};
/* End PBXSourcesBuildPhase section */

/* Begin PBXVariantGroup section */
		DB09BB93204B0B86005E5437 /* Main.storyboard */ = {
			isa = PBXVariantGroup;
			children = (
				DB09BB94204B0B86005E5437 /* Base */,
			);
			name = Main.storyboard;
			sourceTree = "<group>";
		};
		DB09BB98204B0B86005E5437 /* LaunchScreen.storyboard */ = {
			isa = PBXVariantGroup;
			children = (
				DB09BB99204B0B86005E5437 /* Base */,
			);
			name = LaunchScreen.storyboard;
			sourceTree = "<group>";
		};
/* End PBXVariantGroup section */

/* Begin XCBuildConfiguration section */
		DB09BB9C204B0B87005E5437 /* Debug */ = {
			isa = XCBuildConfiguration;
			buildSettings = {
				ALWAYS_SEARCH_USER_PATHS = NO;
				CLANG_ANALYZER_NONNULL = YES;
				CLANG_ANALYZER_NUMBER_OBJECT_CONVERSION = YES_AGGRESSIVE;
				CLANG_CXX_LANGUAGE_STANDARD = "gnu++14";
				CLANG_CXX_LIBRARY = "libc++";
				CLANG_ENABLE_MODULES = YES;
				CLANG_ENABLE_OBJC_ARC = YES;
				CLANG_WARN_BLOCK_CAPTURE_AUTORELEASING = YES;
				CLANG_WARN_BOOL_CONVERSION = YES;
				CLANG_WARN_COMMA = YES;
				CLANG_WARN_CONSTANT_CONVERSION = YES;
				CLANG_WARN_DIRECT_OBJC_ISA_USAGE = YES_ERROR;
				CLANG_WARN_DOCUMENTATION_COMMENTS = YES;
				CLANG_WARN_EMPTY_BODY = YES;
				CLANG_WARN_ENUM_CONVERSION = YES;
				CLANG_WARN_INFINITE_RECURSION = YES;
				CLANG_WARN_INT_CONVERSION = YES;
				CLANG_WARN_NON_LITERAL_NULL_CONVERSION = YES;
				CLANG_WARN_OBJC_LITERAL_CONVERSION = YES;
				CLANG_WARN_OBJC_ROOT_CLASS = YES_ERROR;
				CLANG_WARN_RANGE_LOOP_ANALYSIS = YES;
				CLANG_WARN_STRICT_PROTOTYPES = YES;
				CLANG_WARN_SUSPICIOUS_MOVE = YES;
				CLANG_WARN_UNGUARDED_AVAILABILITY = YES_AGGRESSIVE;
				CLANG_WARN_UNREACHABLE_CODE = YES;
				CLANG_WARN__DUPLICATE_METHOD_MATCH = YES;
				CODE_SIGN_IDENTITY = "iPhone Developer";
				COPY_PHASE_STRIP = NO;
				DEBUG_INFORMATION_FORMAT = dwarf;
				ENABLE_STRICT_OBJC_MSGSEND = YES;
				ENABLE_TESTABILITY = YES;
				GCC_C_LANGUAGE_STANDARD = gnu11;
				GCC_DYNAMIC_NO_PIC = NO;
				GCC_NO_COMMON_BLOCKS = YES;
				GCC_OPTIMIZATION_LEVEL = 0;
				GCC_PREPROCESSOR_DEFINITIONS = (
					"DEBUG=1",
					"$(inherited)",
				);
				GCC_WARN_64_TO_32_BIT_CONVERSION = YES;
				GCC_WARN_ABOUT_RETURN_TYPE = YES_ERROR;
				GCC_WARN_UNDECLARED_SELECTOR = YES;
				GCC_WARN_UNINITIALIZED_AUTOS = YES_AGGRESSIVE;
				GCC_WARN_UNUSED_FUNCTION = YES;
				GCC_WARN_UNUSED_VARIABLE = YES;
				IPHONEOS_DEPLOYMENT_TARGET = 11.2;
				MTL_ENABLE_DEBUG_INFO = YES;
				ONLY_ACTIVE_ARCH = YES;
				SDKROOT = iphoneos;
				SWIFT_ACTIVE_COMPILATION_CONDITIONS = DEBUG;
				SWIFT_OPTIMIZATION_LEVEL = "-Onone";
			};
			name = Debug;
		};
		DB09BB9D204B0B87005E5437 /* Release */ = {
			isa = XCBuildConfiguration;
			buildSettings = {
				ALWAYS_SEARCH_USER_PATHS = NO;
				CLANG_ANALYZER_NONNULL = YES;
				CLANG_ANALYZER_NUMBER_OBJECT_CONVERSION = YES_AGGRESSIVE;
				CLANG_CXX_LANGUAGE_STANDARD = "gnu++14";
				CLANG_CXX_LIBRARY = "libc++";
				CLANG_ENABLE_MODULES = YES;
				CLANG_ENABLE_OBJC_ARC = YES;
				CLANG_WARN_BLOCK_CAPTURE_AUTORELEASING = YES;
				CLANG_WARN_BOOL_CONVERSION = YES;
				CLANG_WARN_COMMA = YES;
				CLANG_WARN_CONSTANT_CONVERSION = YES;
				CLANG_WARN_DIRECT_OBJC_ISA_USAGE = YES_ERROR;
				CLANG_WARN_DOCUMENTATION_COMMENTS = YES;
				CLANG_WARN_EMPTY_BODY = YES;
				CLANG_WARN_ENUM_CONVERSION = YES;
				CLANG_WARN_INFINITE_RECURSION = YES;
				CLANG_WARN_INT_CONVERSION = YES;
				CLANG_WARN_NON_LITERAL_NULL_CONVERSION = YES;
				CLANG_WARN_OBJC_LITERAL_CONVERSION = YES;
				CLANG_WARN_OBJC_ROOT_CLASS = YES_ERROR;
				CLANG_WARN_RANGE_LOOP_ANALYSIS = YES;
				CLANG_WARN_STRICT_PROTOTYPES = YES;
				CLANG_WARN_SUSPICIOUS_MOVE = YES;
				CLANG_WARN_UNGUARDED_AVAILABILITY = YES_AGGRESSIVE;
				CLANG_WARN_UNREACHABLE_CODE = YES;
				CLANG_WARN__DUPLICATE_METHOD_MATCH = YES;
				CODE_SIGN_IDENTITY = "iPhone Developer";
				COPY_PHASE_STRIP = NO;
				DEBUG_INFORMATION_FORMAT = "dwarf-with-dsym";
				ENABLE_NS_ASSERTIONS = NO;
				ENABLE_STRICT_OBJC_MSGSEND = YES;
				GCC_C_LANGUAGE_STANDARD = gnu11;
				GCC_NO_COMMON_BLOCKS = YES;
				GCC_WARN_64_TO_32_BIT_CONVERSION = YES;
				GCC_WARN_ABOUT_RETURN_TYPE = YES_ERROR;
				GCC_WARN_UNDECLARED_SELECTOR = YES;
				GCC_WARN_UNINITIALIZED_AUTOS = YES_AGGRESSIVE;
				GCC_WARN_UNUSED_FUNCTION = YES;
				GCC_WARN_UNUSED_VARIABLE = YES;
				IPHONEOS_DEPLOYMENT_TARGET = 11.2;
				MTL_ENABLE_DEBUG_INFO = NO;
				SDKROOT = iphoneos;
				SWIFT_OPTIMIZATION_LEVEL = "-Owholemodule";
				VALIDATE_PRODUCT = YES;
			};
			name = Release;
		};
		DB09BB9F204B0B87005E5437 /* Debug */ = {
			isa = XCBuildConfiguration;
			buildSettings = {
				ASSETCATALOG_COMPILER_APPICON_NAME = AppIcon;
				CLANG_ENABLE_MODULES = YES;
				"CODE_SIGN_IDENTITY[sdk=iphoneos*]" = "iPhone Developer";
				CODE_SIGN_STYLE = Automatic;
				DEVELOPMENT_TEAM = MZ5A7S8SAG;
				INFOPLIST_FILE = Ponix/Info.plist;
				LD_RUNPATH_SEARCH_PATHS = "$(inherited) @executable_path/Frameworks";
				PRODUCT_BUNDLE_IDENTIFIER = co.Ponix.Ponix;
				PRODUCT_NAME = "$(TARGET_NAME)";
				PROVISIONING_PROFILE_SPECIFIER = "";
				SWIFT_OBJC_BRIDGING_HEADER = "Ponix/Supporting Files/Ponix-Bridging-Header.h";
				SWIFT_OPTIMIZATION_LEVEL = "-Onone";
				SWIFT_VERSION = 4.0;
				TARGETED_DEVICE_FAMILY = "1,2";
			};
			name = Debug;
		};
		DB09BBA0204B0B87005E5437 /* Release */ = {
			isa = XCBuildConfiguration;
			buildSettings = {
				ASSETCATALOG_COMPILER_APPICON_NAME = AppIcon;
				CLANG_ENABLE_MODULES = YES;
				"CODE_SIGN_IDENTITY[sdk=iphoneos*]" = "iPhone Developer";
				CODE_SIGN_STYLE = Automatic;
				DEVELOPMENT_TEAM = MZ5A7S8SAG;
				INFOPLIST_FILE = Ponix/Info.plist;
				LD_RUNPATH_SEARCH_PATHS = "$(inherited) @executable_path/Frameworks";
				PRODUCT_BUNDLE_IDENTIFIER = co.Ponix.Ponix;
				PRODUCT_NAME = "$(TARGET_NAME)";
				PROVISIONING_PROFILE_SPECIFIER = "";
				SWIFT_OBJC_BRIDGING_HEADER = "Ponix/Supporting Files/Ponix-Bridging-Header.h";
				SWIFT_VERSION = 4.0;
				TARGETED_DEVICE_FAMILY = "1,2";
			};
			name = Release;
		};
/* End XCBuildConfiguration section */

/* Begin XCConfigurationList section */
		DB09BB87204B0B86005E5437 /* Build configuration list for PBXProject "Ponix" */ = {
			isa = XCConfigurationList;
			buildConfigurations = (
				DB09BB9C204B0B87005E5437 /* Debug */,
				DB09BB9D204B0B87005E5437 /* Release */,
			);
			defaultConfigurationIsVisible = 0;
			defaultConfigurationName = Release;
		};
		DB09BB9E204B0B87005E5437 /* Build configuration list for PBXNativeTarget "Ponix" */ = {
			isa = XCConfigurationList;
			buildConfigurations = (
				DB09BB9F204B0B87005E5437 /* Debug */,
				DB09BBA0204B0B87005E5437 /* Release */,
			);
			defaultConfigurationIsVisible = 0;
			defaultConfigurationName = Release;
		};
/* End XCConfigurationList section */
	};
	rootObject = DB09BB84204B0B86005E5437 /* Project object */;
}
